Microsoft Visual Studio Solution File, Format Version 12.00
# Visual Studio Version 17
VisualStudioVersion = 17.0.31919.166
MinimumVisualStudioVersion = 10.0.40219.1
Project("{8BC9CEB8-8B4A-11D0-8D11-00A0C91BC942}") = "gameplay", "gameplay\gameplay.vcxproj", "{1032BA4B-57EB-4348-9E03-29DD63E80E4A}"
EndProject
Project("{8BC9CEB8-8B4A-11D0-8D11-00A0C91BC942}") = "sample-browser", "samples\browser\sample-browser.vcxproj", "{0F27C8C4-58B2-E367-8D1F-01B714FDBF1B}"
	ProjectSection(ProjectDependencies) = postProject
		{1032BA4B-57EB-4348-9E03-29DD63E80E4A} = {1032BA4B-57EB-4348-9E03-29DD63E80E4A}
	EndProjectSection
EndProject
Project("{8BC9CEB8-8B4A-11D0-8D11-00A0C91BC942}") = "sample-spaceship", "samples\spaceship\sample-spaceship.vcxproj", "{CC37B8E9-6402-4841-8D6A-5D908A5909B3}"
	ProjectSection(ProjectDependencies) = postProject
		{1032BA4B-57EB-4348-9E03-29DD63E80E4A} = {1032BA4B-57EB-4348-9E03-29DD63E80E4A}
	EndProjectSection
EndProject
Project("{8BC9CEB8-8B4A-11D0-8D11-00A0C91BC942}") = "sample-character", "samples\character\sample-character.vcxproj", "{87388E8B-F3CF-428F-BC2C-C1886248C111}"
	ProjectSection(ProjectDependencies) = postProject
		{1032BA4B-57EB-4348-9E03-29DD63E80E4A} = {1032BA4B-57EB-4348-9E03-29DD63E80E4A}
	EndProjectSection
EndProject
Project("{8BC9CEB8-8B4A-11D0-8D11-00A0C91BC942}") = "sample-racer", "samples\racer\sample-racer.vcxproj", "{82522888-E09A-ED48-AD7D-247237B37B3A}"
	ProjectSection(ProjectDependencies) = postProject
		{1032BA4B-57EB-4348-9E03-29DD63E80E4A} = {1032BA4B-57EB-4348-9E03-29DD63E80E4A}
	EndProjectSection
EndProject
Project("{8BC9CEB8-8B4A-11D0-8D11-00A0C91BC942}") = "editor", "editor\editor.vcxproj", "{BA87853B-89B1-49CA-A7B9-59B2C807294F}"
EndProject
Project("{8BC9CEB8-8B4A-11D0-8D11-00A0C91BC942}") = "test", "test\test.vcxproj", "{C2091E62-1623-411F-9A21-7F46111DFFD8}"
EndProject
Global
	GlobalSection(SolutionConfigurationPlatforms) = preSolution
		Debug|x64 = Debug|x64
		Debug|x86 = Debug|x86
		DebugMem|x64 = DebugMem|x64
		DebugMem|x86 = DebugMem|x86
		Release|x64 = Release|x64
		Release|x86 = Release|x86
	EndGlobalSection
	GlobalSection(ProjectConfigurationPlatforms) = postSolution
		{1032BA4B-57EB-4348-9E03-29DD63E80E4A}.Debug|x64.ActiveCfg = Debug|x64
		{1032BA4B-57EB-4348-9E03-29DD63E80E4A}.Debug|x64.Build.0 = Debug|x64
		{1032BA4B-57EB-4348-9E03-29DD63E80E4A}.Debug|x86.ActiveCfg = Debug|x64
		{1032BA4B-57EB-4348-9E03-29DD63E80E4A}.Debug|x86.Build.0 = Debug|x64
		{1032BA4B-57EB-4348-9E03-29DD63E80E4A}.DebugMem|x64.ActiveCfg = DebugMem|x64
		{1032BA4B-57EB-4348-9E03-29DD63E80E4A}.DebugMem|x64.Build.0 = DebugMem|x64
		{1032BA4B-57EB-4348-9E03-29DD63E80E4A}.DebugMem|x86.ActiveCfg = DebugMem|x64
		{1032BA4B-57EB-4348-9E03-29DD63E80E4A}.DebugMem|x86.Build.0 = DebugMem|x64
		{1032BA4B-57EB-4348-9E03-29DD63E80E4A}.Release|x64.ActiveCfg = Release|x64
		{1032BA4B-57EB-4348-9E03-29DD63E80E4A}.Release|x64.Build.0 = Release|x64
		{1032BA4B-57EB-4348-9E03-29DD63E80E4A}.Release|x86.ActiveCfg = Release|x64
		{1032BA4B-57EB-4348-9E03-29DD63E80E4A}.Release|x86.Build.0 = Release|x64
		{0F27C8C4-58B2-E367-8D1F-01B714FDBF1B}.Debug|x64.ActiveCfg = Debug|x64
		{0F27C8C4-58B2-E367-8D1F-01B714FDBF1B}.Debug|x64.Build.0 = Debug|x64
		{0F27C8C4-58B2-E367-8D1F-01B714FDBF1B}.Debug|x86.ActiveCfg = Debug|x64
		{0F27C8C4-58B2-E367-8D1F-01B714FDBF1B}.Debug|x86.Build.0 = Debug|x64
		{0F27C8C4-58B2-E367-8D1F-01B714FDBF1B}.DebugMem|x64.ActiveCfg = DebugMem|x64
		{0F27C8C4-58B2-E367-8D1F-01B714FDBF1B}.DebugMem|x64.Build.0 = DebugMem|x64
		{0F27C8C4-58B2-E367-8D1F-01B714FDBF1B}.DebugMem|x86.ActiveCfg = DebugMem|x64
		{0F27C8C4-58B2-E367-8D1F-01B714FDBF1B}.DebugMem|x86.Build.0 = DebugMem|x64
		{0F27C8C4-58B2-E367-8D1F-01B714FDBF1B}.Release|x64.ActiveCfg = Release|x64
		{0F27C8C4-58B2-E367-8D1F-01B714FDBF1B}.Release|x64.Build.0 = Release|x64
		{0F27C8C4-58B2-E367-8D1F-01B714FDBF1B}.Release|x86.ActiveCfg = Release|x64
		{0F27C8C4-58B2-E367-8D1F-01B714FDBF1B}.Release|x86.Build.0 = Release|x64
		{CC37B8E9-6402-4841-8D6A-5D908A5909B3}.Debug|x64.ActiveCfg = Debug|x64
		{CC37B8E9-6402-4841-8D6A-5D908A5909B3}.Debug|x64.Build.0 = Debug|x64
		{CC37B8E9-6402-4841-8D6A-5D908A5909B3}.Debug|x86.ActiveCfg = Debug|x64
		{CC37B8E9-6402-4841-8D6A-5D908A5909B3}.Debug|x86.Build.0 = Debug|x64
		{CC37B8E9-6402-4841-8D6A-5D908A5909B3}.DebugMem|x64.ActiveCfg = DebugMem|x64
		{CC37B8E9-6402-4841-8D6A-5D908A5909B3}.DebugMem|x64.Build.0 = DebugMem|x64
		{CC37B8E9-6402-4841-8D6A-5D908A5909B3}.DebugMem|x86.ActiveCfg = DebugMem|x64
		{CC37B8E9-6402-4841-8D6A-5D908A5909B3}.DebugMem|x86.Build.0 = DebugMem|x64
		{CC37B8E9-6402-4841-8D6A-5D908A5909B3}.Release|x64.ActiveCfg = Release|x64
		{CC37B8E9-6402-4841-8D6A-5D908A5909B3}.Release|x64.Build.0 = Release|x64
		{CC37B8E9-6402-4841-8D6A-5D908A5909B3}.Release|x86.ActiveCfg = Release|x64
		{CC37B8E9-6402-4841-8D6A-5D908A5909B3}.Release|x86.Build.0 = Release|x64
		{87388E8B-F3CF-428F-BC2C-C1886248C111}.Debug|x64.ActiveCfg = Debug|x64
		{87388E8B-F3CF-428F-BC2C-C1886248C111}.Debug|x64.Build.0 = Debug|x64
		{87388E8B-F3CF-428F-BC2C-C1886248C111}.Debug|x86.ActiveCfg = Debug|x64
		{87388E8B-F3CF-428F-BC2C-C1886248C111}.Debug|x86.Build.0 = Debug|x64
		{87388E8B-F3CF-428F-BC2C-C1886248C111}.DebugMem|x64.ActiveCfg = DebugMem|x64
		{87388E8B-F3CF-428F-BC2C-C1886248C111}.DebugMem|x64.Build.0 = DebugMem|x64
		{87388E8B-F3CF-428F-BC2C-C1886248C111}.DebugMem|x86.ActiveCfg = DebugMem|x64
		{87388E8B-F3CF-428F-BC2C-C1886248C111}.DebugMem|x86.Build.0 = DebugMem|x64
		{87388E8B-F3CF-428F-BC2C-C1886248C111}.Release|x64.ActiveCfg = Release|x64
		{87388E8B-F3CF-428F-BC2C-C1886248C111}.Release|x64.Build.0 = Release|x64
		{87388E8B-F3CF-428F-BC2C-C1886248C111}.Release|x86.ActiveCfg = Release|x64
		{87388E8B-F3CF-428F-BC2C-C1886248C111}.Release|x86.Build.0 = Release|x64
		{82522888-E09A-ED48-AD7D-247237B37B3A}.Debug|x64.ActiveCfg = Debug|x64
		{82522888-E09A-ED48-AD7D-247237B37B3A}.Debug|x64.Build.0 = Debug|x64
		{82522888-E09A-ED48-AD7D-247237B37B3A}.Debug|x86.ActiveCfg = Debug|x64
		{82522888-E09A-ED48-AD7D-247237B37B3A}.Debug|x86.Build.0 = Debug|x64
		{82522888-E09A-ED48-AD7D-247237B37B3A}.DebugMem|x64.ActiveCfg = DebugMem|x64
		{82522888-E09A-ED48-AD7D-247237B37B3A}.DebugMem|x64.Build.0 = DebugMem|x64
		{82522888-E09A-ED48-AD7D-247237B37B3A}.DebugMem|x86.ActiveCfg = DebugMem|x64
		{82522888-E09A-ED48-AD7D-247237B37B3A}.DebugMem|x86.Build.0 = DebugMem|x64
		{82522888-E09A-ED48-AD7D-247237B37B3A}.Release|x64.ActiveCfg = Release|x64
		{82522888-E09A-ED48-AD7D-247237B37B3A}.Release|x64.Build.0 = Release|x64
		{82522888-E09A-ED48-AD7D-247237B37B3A}.Release|x86.ActiveCfg = Release|x64
		{82522888-E09A-ED48-AD7D-247237B37B3A}.Release|x86.Build.0 = Release|x64
		{BA87853B-89B1-49CA-A7B9-59B2C807294F}.Debug|x64.ActiveCfg = Debug|x64
		{BA87853B-89B1-49CA-A7B9-59B2C807294F}.Debug|x64.Build.0 = Debug|x64
		{BA87853B-89B1-49CA-A7B9-59B2C807294F}.Debug|x86.ActiveCfg = Debug|Win32
		{BA87853B-89B1-49CA-A7B9-59B2C807294F}.Debug|x86.Build.0 = Debug|Win32
		{BA87853B-89B1-49CA-A7B9-59B2C807294F}.DebugMem|x64.ActiveCfg = Debug|x64
		{BA87853B-89B1-49CA-A7B9-59B2C807294F}.DebugMem|x64.Build.0 = Debug|x64
		{BA87853B-89B1-49CA-A7B9-59B2C807294F}.DebugMem|x86.ActiveCfg = Debug|Win32
		{BA87853B-89B1-49CA-A7B9-59B2C807294F}.DebugMem|x86.Build.0 = Debug|Win32
		{BA87853B-89B1-49CA-A7B9-59B2C807294F}.Release|x64.ActiveCfg = Release|x64
		{BA87853B-89B1-49CA-A7B9-59B2C807294F}.Release|x64.Build.0 = Release|x64
		{BA87853B-89B1-49CA-A7B9-59B2C807294F}.Release|x86.ActiveCfg = Release|Win32
		{BA87853B-89B1-49CA-A7B9-59B2C807294F}.Release|x86.Build.0 = Release|Win32
		{C2091E62-1623-411F-9A21-7F46111DFFD8}.Debug|x64.ActiveCfg = Debug|x64
		{C2091E62-1623-411F-9A21-7F46111DFFD8}.Debug|x64.Build.0 = Debug|x64
		{C2091E62-1623-411F-9A21-7F46111DFFD8}.Debug|x86.ActiveCfg = Debug|Win32
		{C2091E62-1623-411F-9A21-7F46111DFFD8}.Debug|x86.Build.0 = Debug|Win32
		{C2091E62-1623-411F-9A21-7F46111DFFD8}.DebugMem|x64.ActiveCfg = Debug|x64
		{C2091E62-1623-411F-9A21-7F46111DFFD8}.DebugMem|x64.Build.0 = Debug|x64
		{C2091E62-1623-411F-9A21-7F46111DFFD8}.DebugMem|x86.ActiveCfg = Debug|Win32
		{C2091E62-1623-411F-9A21-7F46111DFFD8}.DebugMem|x86.Build.0 = Debug|Win32
		{C2091E62-1623-411F-9A21-7F46111DFFD8}.Release|x64.ActiveCfg = Release|x64
		{C2091E62-1623-411F-9A21-7F46111DFFD8}.Release|x64.Build.0 = Release|x64
		{C2091E62-1623-411F-9A21-7F46111DFFD8}.Release|x86.ActiveCfg = Release|Win32
		{C2091E62-1623-411F-9A21-7F46111DFFD8}.Release|x86.Build.0 = Release|Win32
	EndGlobalSection
	GlobalSection(SolutionProperties) = preSolution
		HideSolutionNode = FALSE
	EndGlobalSection
	GlobalSection(ExtensibilityGlobals) = postSolution
		SolutionGuid = {CAA3D133-B66C-4E5F-B1AE-3A9B513C8D46}
	EndGlobalSection
EndGlobal
