<?xml version="1.0" encoding="utf-8"?>
<Project ToolsVersion="4.0" xmlns="http://schemas.microsoft.com/developer/msbuild/2003">
  <ItemGroup>
    <Filter Include="src">
      <UniqueIdentifier>{58d2650b-72bb-40de-85ae-faabdf8c2b97}</UniqueIdentifier>
    </Filter>
  </ItemGroup>
  <ItemGroup>
    <ClCompile Include="src\Grid.cpp">
      <Filter>src</Filter>
    </ClCompile>
    <ClCompile Include="src\EditorGame.cpp">
      <Filter>src</Filter>
    </ClCompile>
  </ItemGroup>
  <ItemGroup>
    <ClInclude Include="src\Grid.h">
      <Filter>src</Filter>
    </ClInclude>
    <ClInclude Include="src\State.h">
      <Filter>src</Filter>
    </ClInclude>
    <ClInclude Include="src\StateMachine.h">
      <Filter>src</Filter>
    </ClInclude>
    <ClInclude Include="src\UIState.h">
      <Filter>src</Filter>
    </ClInclude>
    <ClInclude Include="src\WelcomeForm.h">
      <Filter>src</Filter>
    </ClInclude>
    <ClInclude Include="src\EditorGame.h">
      <Filter>src</Filter>
    </ClInclude>
  </ItemGroup>
  <ItemGroup>
    <None Include="game.config" />
  </ItemGroup>
  <ItemGroup>
    <Image Include="icon.png" />
  </ItemGroup>
</Project>